
Microsoft Visual Studio Solution File, Format Version 12.00
# Visual Studio Version 17
VisualStudioVersion = 17.2.32526.322
MinimumVisualStudioVersion = 10.0.40219.1
Project("{FAE04EC0-301F-11D3-BF4B-00C04F79EFBC}") = "PODResourceTranslater", "PODResourceTranslater\PODResourceTranslater.csproj", "{CECAB697-8D1D-458F-8CAA-1FE944870C87}"
EndProject
Global
	GlobalSection(SolutionConfigurationPlatforms) = preSolution
		Debug|Any CPU = Debug|Any CPU
		Release|Any CPU = Release|Any CPU
	EndGlobalSection
	GlobalSection(ProjectConfigurationPlatforms) = postSolution
		{CECAB697-8D1D-458F-8CAA-1FE944870C87}.Debug|Any CPU.ActiveCfg = Debug|Any CPU
		{CECAB697-8D1D-458F-8CAA-1FE944870C87}.Debug|Any CPU.Build.0 = Debug|Any CPU
		{CECAB697-8D1D-458F-8CAA-1FE944870C87}.Release|Any CPU.ActiveCfg = Release|Any CPU
		{CECAB697-8D1D-458F-8CAA-1FE944870C87}.Release|Any CPU.Build.0 = Release|Any CPU
	EndGlobalSection
	GlobalSection(SolutionProperties) = preSolution
		HideSolutionNode = FALSE
	EndGlobalSection
	GlobalSection(ExtensibilityGlobals) = postSolution
		SolutionGuid = {9854B9C7-1DB7-4046-93E8-0CB5F05A81F8}
	EndGlobalSection
EndGlobal
